// !$*UTF8*$!
{
	archiveVersion = 1;
	classes = {
	};
	objectVersion = 56;
	objects = {

/* Begin PBXBuildFile section */
		B30615A12A136BFC00597749 /* SelectButtonName.swift in Sources */ = {isa = PBXBuildFile; fileRef = B30615A02A136BFC00597749 /* SelectButtonName.swift */; };
		B384A1CC2A22313100A43B12 /* OrderTableViewController.swift in Sources */ = {isa = PBXBuildFile; fileRef = B384A1CB2A22313100A43B12 /* OrderTableViewController.swift */; };
		B384A1CE2A2233A400A43B12 /* OrderTableViewCell.swift in Sources */ = {isa = PBXBuildFile; fileRef = B384A1CD2A2233A400A43B12 /* OrderTableViewCell.swift */; };
		B3B5A2A52A132C17001B4658 /* AppDelegate.swift in Sources */ = {isa = PBXBuildFile; fileRef = B3B5A2A42A132C17001B4658 /* AppDelegate.swift */; };
		B3B5A2A72A132C17001B4658 /* SceneDelegate.swift in Sources */ = {isa = PBXBuildFile; fileRef = B3B5A2A62A132C17001B4658 /* SceneDelegate.swift */; };
		B3B5A2AC2A132C17001B4658 /* Main.storyboard in Resources */ = {isa = PBXBuildFile; fileRef = B3B5A2AA2A132C17001B4658 /* Main.storyboard */; };
		B3B5A2AE2A132C17001B4658 /* Assets.xcassets in Resources */ = {isa = PBXBuildFile; fileRef = B3B5A2AD2A132C17001B4658 /* Assets.xcassets */; };
		B3B5A2B12A132C17001B4658 /* LaunchScreen.storyboard in Resources */ = {isa = PBXBuildFile; fileRef = B3B5A2AF2A132C17001B4658 /* LaunchScreen.storyboard */; };
		B3B5A2B92A132C6F001B4658 /* DetailViewController.swift in Sources */ = {isa = PBXBuildFile; fileRef = B3B5A2B82A132C6F001B4658 /* DetailViewController.swift */; };
		B3B5A2BB2A132E62001B4658 /* DrinksContent.swift in Sources */ = {isa = PBXBuildFile; fileRef = B3B5A2BA2A132E62001B4658 /* DrinksContent.swift */; };
		B3B5A2BD2A132E91001B4658 /* DrinksCollectionViewCell.swift in Sources */ = {isa = PBXBuildFile; fileRef = B3B5A2BC2A132E91001B4658 /* DrinksCollectionViewCell.swift */; };
		B3B5A2BF2A132EA1001B4658 /* HomeCollectionViewController.swift in Sources */ = {isa = PBXBuildFile; fileRef = B3B5A2BE2A132EA1001B4658 /* HomeCollectionViewController.swift */; };
		B3B5A2C22A13322F001B4658 /* Kingfisher in Frameworks */ = {isa = PBXBuildFile; productRef = B3B5A2C12A13322F001B4658 /* Kingfisher */; };
		B3B5A2C42A13334E001B4658 /* HeaderCollectionReusableView.swift in Sources */ = {isa = PBXBuildFile; fileRef = B3B5A2C32A13334E001B4658 /* HeaderCollectionReusableView.swift */; };
/* End PBXBuildFile section */

/* Begin PBXFileReference section */
		B30615A02A136BFC00597749 /* SelectButtonName.swift */ = {isa = PBXFileReference; lastKnownFileType = sourcecode.swift; path = SelectButtonName.swift; sourceTree = "<group>"; };
		B384A1CB2A22313100A43B12 /* OrderTableViewController.swift */ = {isa = PBXFileReference; lastKnownFileType = sourcecode.swift; path = OrderTableViewController.swift; sourceTree = "<group>"; };
		B384A1CD2A2233A400A43B12 /* OrderTableViewCell.swift */ = {isa = PBXFileReference; lastKnownFileType = sourcecode.swift; path = OrderTableViewCell.swift; sourceTree = "<group>"; };
		B3B5A2A12A132C17001B4658 /* 20230516_KebukeAPP.app */ = {isa = PBXFileReference; explicitFileType = wrapper.application; includeInIndex = 0; path = 20230516_KebukeAPP.app; sourceTree = BUILT_PRODUCTS_DIR; };
		B3B5A2A42A132C17001B4658 /* AppDelegate.swift */ = {isa = PBXFileReference; lastKnownFileType = sourcecode.swift; path = AppDelegate.swift; sourceTree = "<group>"; };
		B3B5A2A62A132C17001B4658 /* SceneDelegate.swift */ = {isa = PBXFileReference; lastKnownFileType = sourcecode.swift; path = SceneDelegate.swift; sourceTree = "<group>"; };
		B3B5A2AB2A132C17001B4658 /* Base */ = {isa = PBXFileReference; lastKnownFileType = file.storyboard; name = Base; path = Base.lproj/Main.storyboard; sourceTree = "<group>"; };
		B3B5A2AD2A132C17001B4658 /* Assets.xcassets */ = {isa = PBXFileReference; lastKnownFileType = folder.assetcatalog; path = Assets.xcassets; sourceTree = "<group>"; };
		B3B5A2B02A132C17001B4658 /* Base */ = {isa = PBXFileReference; lastKnownFileType = file.storyboard; name = Base; path = Base.lproj/LaunchScreen.storyboard; sourceTree = "<group>"; };
		B3B5A2B22A132C17001B4658 /* Info.plist */ = {isa = PBXFileReference; lastKnownFileType = text.plist.xml; path = Info.plist; sourceTree = "<group>"; };
		B3B5A2B82A132C6F001B4658 /* DetailViewController.swift */ = {isa = PBXFileReference; lastKnownFileType = sourcecode.swift; path = DetailViewController.swift; sourceTree = "<group>"; };
		B3B5A2BA2A132E62001B4658 /* DrinksContent.swift */ = {isa = PBXFileReference; lastKnownFileType = sourcecode.swift; path = DrinksContent.swift; sourceTree = "<group>"; };
		B3B5A2BC2A132E91001B4658 /* DrinksCollectionViewCell.swift */ = {isa = PBXFileReference; lastKnownFileType = sourcecode.swift; path = DrinksCollectionViewCell.swift; sourceTree = "<group>"; };
		B3B5A2BE2A132EA1001B4658 /* HomeCollectionViewController.swift */ = {isa = PBXFileReference; lastKnownFileType = sourcecode.swift; path = HomeCollectionViewController.swift; sourceTree = "<group>"; };
		B3B5A2C32A13334E001B4658 /* HeaderCollectionReusableView.swift */ = {isa = PBXFileReference; lastKnownFileType = sourcecode.swift; path = HeaderCollectionReusableView.swift; sourceTree = "<group>"; };
/* End PBXFileReference section */

/* Begin PBXFrameworksBuildPhase section */
		B3B5A29E2A132C17001B4658 /* Frameworks */ = {
			isa = PBXFrameworksBuildPhase;
			buildActionMask = 2147483647;
			files = (
				B3B5A2C22A13322F001B4658 /* Kingfisher in Frameworks */,
			);
			runOnlyForDeploymentPostprocessing = 0;
		};
/* End PBXFrameworksBuildPhase section */

/* Begin PBXGroup section */
		B3B5A2982A132C17001B4658 = {
			isa = PBXGroup;
			children = (
				B3B5A2A32A132C17001B4658 /* 20230516_KebukeAPP */,
				B3B5A2A22A132C17001B4658 /* Products */,
			);
			sourceTree = "<group>";
		};
		B3B5A2A22A132C17001B4658 /* Products */ = {
			isa = PBXGroup;
			children = (
				B3B5A2A12A132C17001B4658 /* 20230516_KebukeAPP.app */,
			);
			name = Products;
			sourceTree = "<group>";
		};
		B3B5A2A32A132C17001B4658 /* 20230516_KebukeAPP */ = {
			isa = PBXGroup;
			children = (
				B3B5A2A42A132C17001B4658 /* AppDelegate.swift */,
				B3B5A2A62A132C17001B4658 /* SceneDelegate.swift */,
				B30615A02A136BFC00597749 /* SelectButtonName.swift */,
				B3B5A2AA2A132C17001B4658 /* Main.storyboard */,
				B3B5A2BA2A132E62001B4658 /* DrinksContent.swift */,
				B3B5A2BC2A132E91001B4658 /* DrinksCollectionViewCell.swift */,
				B3B5A2BE2A132EA1001B4658 /* HomeCollectionViewController.swift */,
				B3B5A2C32A13334E001B4658 /* HeaderCollectionReusableView.swift */,
				B3B5A2B82A132C6F001B4658 /* DetailViewController.swift */,
				B384A1CB2A22313100A43B12 /* OrderTableViewController.swift */,
				B384A1CD2A2233A400A43B12 /* OrderTableViewCell.swift */,
				B3B5A2AD2A132C17001B4658 /* Assets.xcassets */,
				B3B5A2AF2A132C17001B4658 /* LaunchScreen.storyboard */,
				B3B5A2B22A132C17001B4658 /* Info.plist */,
			);
			path = 20230516_KebukeAPP;
			sourceTree = "<group>";
		};
/* End PBXGroup section */

/* Begin PBXNativeTarget section */
		B3B5A2A02A132C17001B4658 /* 20230516_KebukeAPP */ = {
			isa = PBXNativeTarget;
			buildConfigurationList = B3B5A2B52A132C17001B4658 /* Build configuration list for PBXNativeTarget "20230516_KebukeAPP" */;
			buildPhases = (
				B3B5A29D2A132C17001B4658 /* Sources */,
				B3B5A29E2A132C17001B4658 /* Frameworks */,
				B3B5A29F2A132C17001B4658 /* Resources */,
			);
			buildRules = (
			);
			dependencies = (
			);
			name = 20230516_KebukeAPP;
			packageProductDependencies = (
				B3B5A2C12A13322F001B4658 /* Kingfisher */,
			);
			productName = 20230516_KebukeAPP;
			productReference = B3B5A2A12A132C17001B4658 /* 20230516_KebukeAPP.app */;
			productType = "com.apple.product-type.application";
		};
/* End PBXNativeTarget section */

/* Begin PBXProject section */
		B3B5A2992A132C17001B4658 /* Project object */ = {
			isa = PBXProject;
			attributes = {
				BuildIndependentTargetsInParallel = 1;
				LastSwiftUpdateCheck = 1430;
				LastUpgradeCheck = 1430;
				TargetAttributes = {
					B3B5A2A02A132C17001B4658 = {
						CreatedOnToolsVersion = 14.3;
					};
				};
			};
			buildConfigurationList = B3B5A29C2A132C17001B4658 /* Build configuration list for PBXProject "20230516_KebukeAPP" */;
			compatibilityVersion = "Xcode 14.0";
			developmentRegion = en;
			hasScannedForEncodings = 0;
			knownRegions = (
				en,
				Base,
			);
			mainGroup = B3B5A2982A132C17001B4658;
			packageReferences = (
				B3B5A2C02A13322F001B4658 /* XCRemoteSwiftPackageReference "Kingfisher" */,
			);
			productRefGroup = B3B5A2A22A132C17001B4658 /* Products */;
			projectDirPath = "";
			projectRoot = "";
			targets = (
				B3B5A2A02A132C17001B4658 /* 20230516_KebukeAPP */,
			);
		};
/* End PBXProject section */

/* Begin PBXResourcesBuildPhase section */
		B3B5A29F2A132C17001B4658 /* Resources */ = {
			isa = PBXResourcesBuildPhase;
			buildActionMask = 2147483647;
			files = (
				B3B5A2B12A132C17001B4658 /* LaunchScreen.storyboard in Resources */,
				B3B5A2AE2A132C17001B4658 /* Assets.xcassets in Resources */,
				B3B5A2AC2A132C17001B4658 /* Main.storyboard in Resources */,
			);
			runOnlyForDeploymentPostprocessing = 0;
		};
/* End PBXResourcesBuildPhase section */

/* Begin PBXSourcesBuildPhase section */
		B3B5A29D2A132C17001B4658 /* Sources */ = {
			isa = PBXSourcesBuildPhase;
			buildActionMask = 2147483647;
			files = (
				B3B5A2C42A13334E001B4658 /* HeaderCollectionReusableView.swift in Sources */,
				B384A1CC2A22313100A43B12 /* OrderTableViewController.swift in Sources */,
				B30615A12A136BFC00597749 /* SelectButtonName.swift in Sources */,
				B3B5A2BD2A132E91001B4658 /* DrinksCollectionViewCell.swift in Sources */,
				B3B5A2BB2A132E62001B4658 /* DrinksContent.swift in Sources */,
				B3B5A2A52A132C17001B4658 /* AppDelegate.swift in Sources */,
				B384A1CE2A2233A400A43B12 /* OrderTableViewCell.swift in Sources */,
				B3B5A2BF2A132EA1001B4658 /* HomeCollectionViewController.swift in Sources */,
				B3B5A2A72A132C17001B4658 /* SceneDelegate.swift in Sources */,
				B3B5A2B92A132C6F001B4658 /* DetailViewController.swift in Sources */,
			);
			runOnlyForDeploymentPostprocessing = 0;
		};
/* End PBXSourcesBuildPhase section */

/* Begin PBXVariantGroup section */
		B3B5A2AA2A132C17001B4658 /* Main.storyboard */ = {
			isa = PBXVariantGroup;
			children = (
				B3B5A2AB2A132C17001B4658 /* Base */,
			);
			name = Main.storyboard;
			sourceTree = "<group>";
		};
		B3B5A2AF2A132C17001B4658 /* LaunchScreen.storyboard */ = {
			isa = PBXVariantGroup;
			children = (
				B3B5A2B02A132C17001B4658 /* Base */,
			);
			name = LaunchScreen.storyboard;
			sourceTree = "<group>";
		};
/* End PBXVariantGroup section */

/* Begin XCBuildConfiguration section */
		B3B5A2B32A132C17001B4658 /* Debug */ = {
			isa = XCBuildConfiguration;
			buildSettings = {
				ALWAYS_SEARCH_USER_PATHS = NO;
				CLANG_ANALYZER_NONNULL = YES;
				CLANG_ANALYZER_NUMBER_OBJECT_CONVERSION = YES_AGGRESSIVE;
				CLANG_CXX_LANGUAGE_STANDARD = "gnu++20";
				CLANG_ENABLE_MODULES = YES;
				CLANG_ENABLE_OBJC_ARC = YES;
				CLANG_ENABLE_OBJC_WEAK = YES;
				CLANG_WARN_BLOCK_CAPTURE_AUTORELEASING = YES;
				CLANG_WARN_BOOL_CONVERSION = YES;
				CLANG_WARN_COMMA = YES;
				CLANG_WARN_CONSTANT_CONVERSION = YES;
				CLANG_WARN_DEPRECATED_OBJC_IMPLEMENTATIONS = YES;
				CLANG_WARN_DIRECT_OBJC_ISA_USAGE = YES_ERROR;
				CLANG_WARN_DOCUMENTATION_COMMENTS = YES;
				CLANG_WARN_EMPTY_BODY = YES;
				CLANG_WARN_ENUM_CONVERSION = YES;
				CLANG_WARN_INFINITE_RECURSION = YES;
				CLANG_WARN_INT_CONVERSION = YES;
				CLANG_WARN_NON_LITERAL_NULL_CONVERSION = YES;
				CLANG_WARN_OBJC_IMPLICIT_RETAIN_SELF = YES;
				CLANG_WARN_OBJC_LITERAL_CONVERSION = YES;
				CLANG_WARN_OBJC_ROOT_CLASS = YES_ERROR;
				CLANG_WARN_QUOTED_INCLUDE_IN_FRAMEWORK_HEADER = YES;
				CLANG_WARN_RANGE_LOOP_ANALYSIS = YES;
				CLANG_WARN_STRICT_PROTOTYPES = YES;
				CLANG_WARN_SUSPICIOUS_MOVE = YES;
				CLANG_WARN_UNGUARDED_AVAILABILITY = YES_AGGRESSIVE;
				CLANG_WARN_UNREACHABLE_CODE = YES;
				CLANG_WARN__DUPLICATE_METHOD_MATCH = YES;
				COPY_PHASE_STRIP = NO;
				DEBUG_INFORMATION_FORMAT = dwarf;
				ENABLE_STRICT_OBJC_MSGSEND = YES;
				ENABLE_TESTABILITY = YES;
				GCC_C_LANGUAGE_STANDARD = gnu11;
				GCC_DYNAMIC_NO_PIC = NO;
				GCC_NO_COMMON_BLOCKS = YES;
				GCC_OPTIMIZATION_LEVEL = 0;
				GCC_PREPROCESSOR_DEFINITIONS = (
					"DEBUG=1",
					"$(inherited)",
				);
				GCC_WARN_64_TO_32_BIT_CONVERSION = YES;
				GCC_WARN_ABOUT_RETURN_TYPE = YES_ERROR;
				GCC_WARN_UNDECLARED_SELECTOR = YES;
				GCC_WARN_UNINITIALIZED_AUTOS = YES_AGGRESSIVE;
				GCC_WARN_UNUSED_FUNCTION = YES;
				GCC_WARN_UNUSED_VARIABLE = YES;
				IPHONEOS_DEPLOYMENT_TARGET = 16.4;
				MTL_ENABLE_DEBUG_INFO = INCLUDE_SOURCE;
				MTL_FAST_MATH = YES;
				ONLY_ACTIVE_ARCH = YES;
				SDKROOT = iphoneos;
				SWIFT_ACTIVE_COMPILATION_CONDITIONS = DEBUG;
				SWIFT_OPTIMIZATION_LEVEL = "-Onone";
			};
			name = Debug;
		};
		B3B5A2B42A132C17001B4658 /* Release */ = {
			isa = XCBuildConfiguration;
			buildSettings = {
				ALWAYS_SEARCH_USER_PATHS = NO;
				CLANG_ANALYZER_NONNULL = YES;
				CLANG_ANALYZER_NUMBER_OBJECT_CONVERSION = YES_AGGRESSIVE;
				CLANG_CXX_LANGUAGE_STANDARD = "gnu++20";
				CLANG_ENABLE_MODULES = YES;
				CLANG_ENABLE_OBJC_ARC = YES;
				CLANG_ENABLE_OBJC_WEAK = YES;
				CLANG_WARN_BLOCK_CAPTURE_AUTORELEASING = YES;
				CLANG_WARN_BOOL_CONVERSION = YES;
				CLANG_WARN_COMMA = YES;
				CLANG_WARN_CONSTANT_CONVERSION = YES;
				CLANG_WARN_DEPRECATED_OBJC_IMPLEMENTATIONS = YES;
				CLANG_WARN_DIRECT_OBJC_ISA_USAGE = YES_ERROR;
				CLANG_WARN_DOCUMENTATION_COMMENTS = YES;
				CLANG_WARN_EMPTY_BODY = YES;
				CLANG_WARN_ENUM_CONVERSION = YES;
				CLANG_WARN_INFINITE_RECURSION = YES;
				CLANG_WARN_INT_CONVERSION = YES;
				CLANG_WARN_NON_LITERAL_NULL_CONVERSION = YES;
				CLANG_WARN_OBJC_IMPLICIT_RETAIN_SELF = YES;
				CLANG_WARN_OBJC_LITERAL_CONVERSION = YES;
				CLANG_WARN_OBJC_ROOT_CLASS = YES_ERROR;
				CLANG_WARN_QUOTED_INCLUDE_IN_FRAMEWORK_HEADER = YES;
				CLANG_WARN_RANGE_LOOP_ANALYSIS = YES;
				CLANG_WARN_STRICT_PROTOTYPES = YES;
				CLANG_WARN_SUSPICIOUS_MOVE = YES;
				CLANG_WARN_UNGUARDED_AVAILABILITY = YES_AGGRESSIVE;
				CLANG_WARN_UNREACHABLE_CODE = YES;
				CLANG_WARN__DUPLICATE_METHOD_MATCH = YES;
				COPY_PHASE_STRIP = NO;
				DEBUG_INFORMATION_FORMAT = "dwarf-with-dsym";
				ENABLE_NS_ASSERTIONS = NO;
				ENABLE_STRICT_OBJC_MSGSEND = YES;
				GCC_C_LANGUAGE_STANDARD = gnu11;
				GCC_NO_COMMON_BLOCKS = YES;
				GCC_WARN_64_TO_32_BIT_CONVERSION = YES;
				GCC_WARN_ABOUT_RETURN_TYPE = YES_ERROR;
				GCC_WARN_UNDECLARED_SELECTOR = YES;
				GCC_WARN_UNINITIALIZED_AUTOS = YES_AGGRESSIVE;
				GCC_WARN_UNUSED_FUNCTION = YES;
				GCC_WARN_UNUSED_VARIABLE = YES;
				IPHONEOS_DEPLOYMENT_TARGET = 16.4;
				MTL_ENABLE_DEBUG_INFO = NO;
				MTL_FAST_MATH = YES;
				SDKROOT = iphoneos;
				SWIFT_COMPILATION_MODE = wholemodule;
				SWIFT_OPTIMIZATION_LEVEL = "-O";
				VALIDATE_PRODUCT = YES;
			};
			name = Release;
		};
		B3B5A2B62A132C17001B4658 /* Debug */ = {
			isa = XCBuildConfiguration;
			buildSettings = {
				ASSETCATALOG_COMPILER_APPICON_NAME = AppIcon;
				ASSETCATALOG_COMPILER_GLOBAL_ACCENT_COLOR_NAME = AccentColor;
				CODE_SIGN_STYLE = Automatic;
				CURRENT_PROJECT_VERSION = 1;
				DEVELOPMENT_TEAM = JR65886DH4;
				GENERATE_INFOPLIST_FILE = YES;
				INFOPLIST_FILE = 20230516_KebukeAPP/Info.plist;
				INFOPLIST_KEY_UIApplicationSupportsIndirectInputEvents = YES;
				INFOPLIST_KEY_UILaunchStoryboardName = LaunchScreen;
				INFOPLIST_KEY_UIMainStoryboardFile = Main;
				INFOPLIST_KEY_UISupportedInterfaceOrientations_iPad = "UIInterfaceOrientationPortrait UIInterfaceOrientationPortraitUpsideDown UIInterfaceOrientationLandscapeLeft UIInterfaceOrientationLandscapeRight";
				INFOPLIST_KEY_UISupportedInterfaceOrientations_iPhone = "UIInterfaceOrientationPortrait UIInterfaceOrientationLandscapeLeft UIInterfaceOrientationLandscapeRight";
				LD_RUNPATH_SEARCH_PATHS = (
					"$(inherited)",
					"@executable_path/Frameworks",
				);
				MARKETING_VERSION = 1.0;
				PRODUCT_BUNDLE_IDENTIFIER = "com.yenlin.-0230516-KebukeAPP";
				PRODUCT_NAME = "$(TARGET_NAME)";
				SWIFT_EMIT_LOC_STRINGS = YES;
				SWIFT_VERSION = 5.0;
				TARGETED_DEVICE_FAMILY = "1,2";
			};
			name = Debug;
		};
		B3B5A2B72A132C17001B4658 /* Release */ = {
			isa = XCBuildConfiguration;
			buildSettings = {
				ASSETCATALOG_COMPILER_APPICON_NAME = AppIcon;
				ASSETCATALOG_COMPILER_GLOBAL_ACCENT_COLOR_NAME = AccentColor;
				CODE_SIGN_STYLE = Automatic;
				CURRENT_PROJECT_VERSION = 1;
				DEVELOPMENT_TEAM = JR65886DH4;
				GENERATE_INFOPLIST_FILE = YES;
				INFOPLIST_FILE = 20230516_KebukeAPP/Info.plist;
				INFOPLIST_KEY_UIApplicationSupportsIndirectInputEvents = YES;
				INFOPLIST_KEY_UILaunchStoryboardName = LaunchScreen;
				INFOPLIST_KEY_UIMainStoryboardFile = Main;
				INFOPLIST_KEY_UISupportedInterfaceOrientations_iPad = "UIInterfaceOrientationPortrait UIInterfaceOrientationPortraitUpsideDown UIInterfaceOrientationLandscapeLeft UIInterfaceOrientationLandscapeRight";
				INFOPLIST_KEY_UISupportedInterfaceOrientations_iPhone = "UIInterfaceOrientationPortrait UIInterfaceOrientationLandscapeLeft UIInterfaceOrientationLandscapeRight";
				LD_RUNPATH_SEARCH_PATHS = (
					"$(inherited)",
					"@executable_path/Frameworks",
				);
				MARKETING_VERSION = 1.0;
				PRODUCT_BUNDLE_IDENTIFIER = "com.yenlin.-0230516-KebukeAPP";
				PRODUCT_NAME = "$(TARGET_NAME)";
				SWIFT_EMIT_LOC_STRINGS = YES;
				SWIFT_VERSION = 5.0;
				TARGETED_DEVICE_FAMILY = "1,2";
			};
			name = Release;
		};
/* End XCBuildConfiguration section */

/* Begin XCConfigurationList section */
		B3B5A29C2A132C17001B4658 /* Build configuration list for PBXProject "20230516_KebukeAPP" */ = {
			isa = XCConfigurationList;
			buildConfigurations = (
				B3B5A2B32A132C17001B4658 /* Debug */,
				B3B5A2B42A132C17001B4658 /* Release */,
			);
			defaultConfigurationIsVisible = 0;
			defaultConfigurationName = Release;
		};
		B3B5A2B52A132C17001B4658 /* Build configuration list for PBXNativeTarget "20230516_KebukeAPP" */ = {
			isa = XCConfigurationList;
			buildConfigurations = (
				B3B5A2B62A132C17001B4658 /* Debug */,
				B3B5A2B72A132C17001B4658 /* Release */,
			);
			defaultConfigurationIsVisible = 0;
			defaultConfigurationName = Release;
		};
/* End XCConfigurationList section */

/* Begin XCRemoteSwiftPackageReference section */
		B3B5A2C02A13322F001B4658 /* XCRemoteSwiftPackageReference "Kingfisher" */ = {
			isa = XCRemoteSwiftPackageReference;
			repositoryURL = "https://github.com/onevcat/Kingfisher";
			requirement = {
				kind = upToNextMajorVersion;
				minimumVersion = 7.0.0;
			};
		};
/* End XCRemoteSwiftPackageReference section */

/* Begin XCSwiftPackageProductDependency section */
		B3B5A2C12A13322F001B4658 /* Kingfisher */ = {
			isa = XCSwiftPackageProductDependency;
			package = B3B5A2C02A13322F001B4658 /* XCRemoteSwiftPackageReference "Kingfisher" */;
			productName = Kingfisher;
		};
/* End XCSwiftPackageProductDependency section */
	};
	rootObject = B3B5A2992A132C17001B4658 /* Project object */;
}
